
Microsoft Visual Studio Solution File, Format Version 12.00
# Visual Studio 15
Project("{FAE04EC0-301F-11D3-BF4B-00C04F79EFBC}") = "VuforiaScripts", "VuforiaScripts.csproj", "{F12F0D3C-75B4-F3A7-D85B-C18357E03614}"
EndProject
Project("{FAE04EC0-301F-11D3-BF4B-00C04F79EFBC}") = "Assembly-CSharp", "Assembly-CSharp.csproj", "{AA2BD738-C506-8784-AF2C-967DC0218130}"
EndProject
Project("{FAE04EC0-301F-11D3-BF4B-00C04F79EFBC}") = "VuforiaEditorScripts", "VuforiaEditorScripts.csproj", "{20E1B14D-7A7C-4BC2-8548-F13BDBC1E2C0}"
EndProject
Project("{FAE04EC0-301F-11D3-BF4B-00C04F79EFBC}") = "Assembly-CSharp-Editor-firstpass", "Assembly-CSharp-Editor-firstpass.csproj", "{D3BB8DE0-5EC2-7116-4451-7DBE7FEE870C}"
EndProject
Global
	GlobalSection(SolutionConfigurationPlatforms) = preSolution
		Debug|Any CPU = Debug|Any CPU
		Release|Any CPU = Release|Any CPU
	EndGlobalSection
	GlobalSection(ProjectConfigurationPlatforms) = postSolution
		{F12F0D3C-75B4-F3A7-D85B-C18357E03614}.Debug|Any CPU.ActiveCfg = Debug|Any CPU
		{F12F0D3C-75B4-F3A7-D85B-C18357E03614}.Debug|Any CPU.Build.0 = Debug|Any CPU
		{F12F0D3C-75B4-F3A7-D85B-C18357E03614}.Release|Any CPU.ActiveCfg = Release|Any CPU
		{F12F0D3C-75B4-F3A7-D85B-C18357E03614}.Release|Any CPU.Build.0 = Release|Any CPU
		{AA2BD738-C506-8784-AF2C-967DC0218130}.Debug|Any CPU.ActiveCfg = Debug|Any CPU
		{AA2BD738-C506-8784-AF2C-967DC0218130}.Debug|Any CPU.Build.0 = Debug|Any CPU
		{AA2BD738-C506-8784-AF2C-967DC0218130}.Release|Any CPU.ActiveCfg = Release|Any CPU
		{AA2BD738-C506-8784-AF2C-967DC0218130}.Release|Any CPU.Build.0 = Release|Any CPU
		{20E1B14D-7A7C-4BC2-8548-F13BDBC1E2C0}.Debug|Any CPU.ActiveCfg = Debug|Any CPU
		{20E1B14D-7A7C-4BC2-8548-F13BDBC1E2C0}.Debug|Any CPU.Build.0 = Debug|Any CPU
		{20E1B14D-7A7C-4BC2-8548-F13BDBC1E2C0}.Release|Any CPU.ActiveCfg = Release|Any CPU
		{20E1B14D-7A7C-4BC2-8548-F13BDBC1E2C0}.Release|Any CPU.Build.0 = Release|Any CPU
		{D3BB8DE0-5EC2-7116-4451-7DBE7FEE870C}.Debug|Any CPU.ActiveCfg = Debug|Any CPU
		{D3BB8DE0-5EC2-7116-4451-7DBE7FEE870C}.Debug|Any CPU.Build.0 = Debug|Any CPU
		{D3BB8DE0-5EC2-7116-4451-7DBE7FEE870C}.Release|Any CPU.ActiveCfg = Release|Any CPU
		{D3BB8DE0-5EC2-7116-4451-7DBE7FEE870C}.Release|Any CPU.Build.0 = Release|Any CPU
	EndGlobalSection
	GlobalSection(SolutionProperties) = preSolution
		HideSolutionNode = FALSE
	EndGlobalSection
EndGlobal
